// !$*UTF8*$!
{
	archiveVersion = 1;
	classes = {
	};
	objectVersion = 56;
	objects = {

/* Begin PBXBuildFile section */
		773BF1582C677D2200C137D2 /* FavoritesVC.swift in Sources */ = {isa = PBXBuildFile; fileRef = 773BF1572C677D2200C137D2 /* FavoritesVC.swift */; };
		778D3D922C4FEC910014E8DB /* AppDelegate.swift in Sources */ = {isa = PBXBuildFile; fileRef = 778D3D912C4FEC910014E8DB /* AppDelegate.swift */; };
		778D3D942C4FEC910014E8DB /* SceneDelegate.swift in Sources */ = {isa = PBXBuildFile; fileRef = 778D3D932C4FEC910014E8DB /* SceneDelegate.swift */; };
		778D3D962C4FEC910014E8DB /* HomePageVC.swift in Sources */ = {isa = PBXBuildFile; fileRef = 778D3D952C4FEC910014E8DB /* HomePageVC.swift */; };
		778D3D992C4FEC910014E8DB /* Base in Resources */ = {isa = PBXBuildFile; fileRef = 778D3D982C4FEC910014E8DB /* Base */; };
		778D3D9B2C4FEC920014E8DB /* Assets.xcassets in Resources */ = {isa = PBXBuildFile; fileRef = 778D3D9A2C4FEC920014E8DB /* Assets.xcassets */; };
		778D3D9E2C4FEC920014E8DB /* Base in Resources */ = {isa = PBXBuildFile; fileRef = 778D3D9D2C4FEC920014E8DB /* Base */; };
		778D3DA62C4FECD80014E8DB /* CurrencyElement.swift in Sources */ = {isa = PBXBuildFile; fileRef = 778D3DA52C4FECD80014E8DB /* CurrencyElement.swift */; };
		778D3DA82C4FED370014E8DB /* SparklineIn7D.swift in Sources */ = {isa = PBXBuildFile; fileRef = 778D3DA72C4FED370014E8DB /* SparklineIn7D.swift */; };
		778D3DAA2C500B940014E8DB /* CryptoCell.swift in Sources */ = {isa = PBXBuildFile; fileRef = 778D3DA92C500B940014E8DB /* CryptoCell.swift */; };
		778D3DAC2C5011DD0014E8DB /* CryptoDaoRepository.swift in Sources */ = {isa = PBXBuildFile; fileRef = 778D3DAB2C5011DD0014E8DB /* CryptoDaoRepository.swift */; };
		778D3DAF2C5012130014E8DB /* RxSwift in Frameworks */ = {isa = PBXBuildFile; productRef = 778D3DAE2C5012130014E8DB /* RxSwift */; };
		778D3DB22C5012830014E8DB /* Alamofire in Frameworks */ = {isa = PBXBuildFile; productRef = 778D3DB12C5012830014E8DB /* Alamofire */; };
		778D3DBD2C5022DA0014E8DB /* HomePageViewModel.swift in Sources */ = {isa = PBXBuildFile; fileRef = 778D3DBC2C5022DA0014E8DB /* HomePageViewModel.swift */; };
		778D3DC02C5025ED0014E8DB /* Kingfisher in Frameworks */ = {isa = PBXBuildFile; productRef = 778D3DBF2C5025ED0014E8DB /* Kingfisher */; };
		77D357CF2C51370D0053188A /* DetailVC.swift in Sources */ = {isa = PBXBuildFile; fileRef = 77D357CE2C51370D0053188A /* DetailVC.swift */; };
		77D357D22C5137750053188A /* DGCharts in Frameworks */ = {isa = PBXBuildFile; productRef = 77D357D12C5137750053188A /* DGCharts */; };
/* End PBXBuildFile section */

/* Begin PBXFileReference section */
		773BF1572C677D2200C137D2 /* FavoritesVC.swift */ = {isa = PBXFileReference; lastKnownFileType = sourcecode.swift; path = FavoritesVC.swift; sourceTree = "<group>"; };
		778D3D8E2C4FEC910014E8DB /* CryptoMobile.app */ = {isa = PBXFileReference; explicitFileType = wrapper.application; includeInIndex = 0; path = CryptoMobile.app; sourceTree = BUILT_PRODUCTS_DIR; };
		778D3D912C4FEC910014E8DB /* AppDelegate.swift */ = {isa = PBXFileReference; lastKnownFileType = sourcecode.swift; path = AppDelegate.swift; sourceTree = "<group>"; };
		778D3D932C4FEC910014E8DB /* SceneDelegate.swift */ = {isa = PBXFileReference; lastKnownFileType = sourcecode.swift; path = SceneDelegate.swift; sourceTree = "<group>"; };
		778D3D952C4FEC910014E8DB /* HomePageVC.swift */ = {isa = PBXFileReference; lastKnownFileType = sourcecode.swift; path = HomePageVC.swift; sourceTree = "<group>"; };
		778D3D982C4FEC910014E8DB /* Base */ = {isa = PBXFileReference; lastKnownFileType = file.storyboard; name = Base; path = Base.lproj/Main.storyboard; sourceTree = "<group>"; };
		778D3D9A2C4FEC920014E8DB /* Assets.xcassets */ = {isa = PBXFileReference; lastKnownFileType = folder.assetcatalog; path = Assets.xcassets; sourceTree = "<group>"; };
		778D3D9D2C4FEC920014E8DB /* Base */ = {isa = PBXFileReference; lastKnownFileType = file.storyboard; name = Base; path = Base.lproj/LaunchScreen.storyboard; sourceTree = "<group>"; };
		778D3D9F2C4FEC920014E8DB /* Info.plist */ = {isa = PBXFileReference; lastKnownFileType = text.plist.xml; path = Info.plist; sourceTree = "<group>"; };
		778D3DA52C4FECD80014E8DB /* CurrencyElement.swift */ = {isa = PBXFileReference; lastKnownFileType = sourcecode.swift; path = CurrencyElement.swift; sourceTree = "<group>"; };
		778D3DA72C4FED370014E8DB /* SparklineIn7D.swift */ = {isa = PBXFileReference; lastKnownFileType = sourcecode.swift; path = SparklineIn7D.swift; sourceTree = "<group>"; };
		778D3DA92C500B940014E8DB /* CryptoCell.swift */ = {isa = PBXFileReference; lastKnownFileType = sourcecode.swift; path = CryptoCell.swift; sourceTree = "<group>"; };
		778D3DAB2C5011DD0014E8DB /* CryptoDaoRepository.swift */ = {isa = PBXFileReference; lastKnownFileType = sourcecode.swift; path = CryptoDaoRepository.swift; sourceTree = "<group>"; };
		778D3DBC2C5022DA0014E8DB /* HomePageViewModel.swift */ = {isa = PBXFileReference; lastKnownFileType = sourcecode.swift; path = HomePageViewModel.swift; sourceTree = "<group>"; };
		77D357CE2C51370D0053188A /* DetailVC.swift */ = {isa = PBXFileReference; lastKnownFileType = sourcecode.swift; path = DetailVC.swift; sourceTree = "<group>"; };
/* End PBXFileReference section */

/* Begin PBXFrameworksBuildPhase section */
		778D3D8B2C4FEC910014E8DB /* Frameworks */ = {
			isa = PBXFrameworksBuildPhase;
			buildActionMask = 2147483647;
			files = (
				77D357D22C5137750053188A /* DGCharts in Frameworks */,
				778D3DC02C5025ED0014E8DB /* Kingfisher in Frameworks */,
				778D3DAF2C5012130014E8DB /* RxSwift in Frameworks */,
				778D3DB22C5012830014E8DB /* Alamofire in Frameworks */,
			);
			runOnlyForDeploymentPostprocessing = 0;
		};
/* End PBXFrameworksBuildPhase section */

/* Begin PBXGroup section */
		778D3D852C4FEC910014E8DB = {
			isa = PBXGroup;
			children = (
				778D3D902C4FEC910014E8DB /* CryptoMobile */,
				778D3D8F2C4FEC910014E8DB /* Products */,
			);
			sourceTree = "<group>";
		};
		778D3D8F2C4FEC910014E8DB /* Products */ = {
			isa = PBXGroup;
			children = (
				778D3D8E2C4FEC910014E8DB /* CryptoMobile.app */,
			);
			name = Products;
			sourceTree = "<group>";
		};
		778D3D902C4FEC910014E8DB /* CryptoMobile */ = {
			isa = PBXGroup;
			children = (
				778D3D912C4FEC910014E8DB /* AppDelegate.swift */,
				778D3D932C4FEC910014E8DB /* SceneDelegate.swift */,
				778D3DBA2C5022A80014E8DB /* ui */,
				778D3DB72C501E3B0014E8DB /* data */,
				778D3D972C4FEC910014E8DB /* Main.storyboard */,
				778D3D9A2C4FEC920014E8DB /* Assets.xcassets */,
				778D3D9C2C4FEC920014E8DB /* LaunchScreen.storyboard */,
				778D3D9F2C4FEC920014E8DB /* Info.plist */,
			);
			path = CryptoMobile;
			sourceTree = "<group>";
		};
		778D3DB72C501E3B0014E8DB /* data */ = {
			isa = PBXGroup;
			children = (
				778D3DB82C501E4F0014E8DB /* repo */,
				778D3DB92C501E5A0014E8DB /* entity */,
			);
			path = data;
			sourceTree = "<group>";
		};
		778D3DB82C501E4F0014E8DB /* repo */ = {
			isa = PBXGroup;
			children = (
				778D3DAB2C5011DD0014E8DB /* CryptoDaoRepository.swift */,
			);
			path = repo;
			sourceTree = "<group>";
		};
		778D3DB92C501E5A0014E8DB /* entity */ = {
			isa = PBXGroup;
			children = (
				778D3DA52C4FECD80014E8DB /* CurrencyElement.swift */,
				778D3DA72C4FED370014E8DB /* SparklineIn7D.swift */,
			);
			path = entity;
			sourceTree = "<group>";
		};
		778D3DBA2C5022A80014E8DB /* ui */ = {
			isa = PBXGroup;
			children = (
				778D3DBB2C5022AE0014E8DB /* viewmodels */,
				77D357CD2C51328D0053188A /* tablecell */,
				77D357CC2C51327C0053188A /* viewcontrollers */,
			);
			path = ui;
			sourceTree = "<group>";
		};
		778D3DBB2C5022AE0014E8DB /* viewmodels */ = {
			isa = PBXGroup;
			children = (
				778D3DBC2C5022DA0014E8DB /* HomePageViewModel.swift */,
			);
			path = viewmodels;
			sourceTree = "<group>";
		};
		77D357CC2C51327C0053188A /* viewcontrollers */ = {
			isa = PBXGroup;
			children = (
				778D3D952C4FEC910014E8DB /* HomePageVC.swift */,
				77D357CE2C51370D0053188A /* DetailVC.swift */,
				773BF1572C677D2200C137D2 /* FavoritesVC.swift */,
			);
			path = viewcontrollers;
			sourceTree = "<group>";
		};
		77D357CD2C51328D0053188A /* tablecell */ = {
			isa = PBXGroup;
			children = (
				778D3DA92C500B940014E8DB /* CryptoCell.swift */,
			);
			path = tablecell;
			sourceTree = "<group>";
		};
/* End PBXGroup section */

/* Begin PBXNativeTarget section */
		778D3D8D2C4FEC910014E8DB /* CryptoMobile */ = {
			isa = PBXNativeTarget;
			buildConfigurationList = 778D3DA22C4FEC920014E8DB /* Build configuration list for PBXNativeTarget "CryptoMobile" */;
			buildPhases = (
				778D3D8A2C4FEC910014E8DB /* Sources */,
				778D3D8B2C4FEC910014E8DB /* Frameworks */,
				778D3D8C2C4FEC910014E8DB /* Resources */,
			);
			buildRules = (
			);
			dependencies = (
			);
			name = CryptoMobile;
			packageProductDependencies = (
				778D3DAE2C5012130014E8DB /* RxSwift */,
				778D3DB12C5012830014E8DB /* Alamofire */,
				778D3DBF2C5025ED0014E8DB /* Kingfisher */,
				77D357D12C5137750053188A /* DGCharts */,
			);
			productName = CryptoMobile;
			productReference = 778D3D8E2C4FEC910014E8DB /* CryptoMobile.app */;
			productType = "com.apple.product-type.application";
		};
/* End PBXNativeTarget section */

/* Begin PBXProject section */
		778D3D862C4FEC910014E8DB /* Project object */ = {
			isa = PBXProject;
			attributes = {
				BuildIndependentTargetsInParallel = 1;
				LastSwiftUpdateCheck = 1540;
				LastUpgradeCheck = 1540;
				TargetAttributes = {
					778D3D8D2C4FEC910014E8DB = {
						CreatedOnToolsVersion = 15.4;
					};
				};
			};
			buildConfigurationList = 778D3D892C4FEC910014E8DB /* Build configuration list for PBXProject "CryptoMobile" */;
			compatibilityVersion = "Xcode 14.0";
			developmentRegion = en;
			hasScannedForEncodings = 0;
			knownRegions = (
				en,
				Base,
			);
			mainGroup = 778D3D852C4FEC910014E8DB;
			packageReferences = (
				778D3DAD2C5012130014E8DB /* XCRemoteSwiftPackageReference "RxSwift" */,
				778D3DB02C5012830014E8DB /* XCRemoteSwiftPackageReference "Alamofire" */,
				778D3DBE2C5025ED0014E8DB /* XCRemoteSwiftPackageReference "Kingfisher" */,
				77D357D02C5137750053188A /* XCRemoteSwiftPackageReference "Charts" */,
			);
			productRefGroup = 778D3D8F2C4FEC910014E8DB /* Products */;
			projectDirPath = "";
			projectRoot = "";
			targets = (
				778D3D8D2C4FEC910014E8DB /* CryptoMobile */,
			);
		};
/* End PBXProject section */

/* Begin PBXResourcesBuildPhase section */
		778D3D8C2C4FEC910014E8DB /* Resources */ = {
			isa = PBXResourcesBuildPhase;
			buildActionMask = 2147483647;
			files = (
				778D3D9B2C4FEC920014E8DB /* Assets.xcassets in Resources */,
				778D3D9E2C4FEC920014E8DB /* Base in Resources */,
				778D3D992C4FEC910014E8DB /* Base in Resources */,
			);
			runOnlyForDeploymentPostprocessing = 0;
		};
/* End PBXResourcesBuildPhase section */

/* Begin PBXSourcesBuildPhase section */
		778D3D8A2C4FEC910014E8DB /* Sources */ = {
			isa = PBXSourcesBuildPhase;
			buildActionMask = 2147483647;
			files = (
				773BF1582C677D2200C137D2 /* FavoritesVC.swift in Sources */,
				778D3D962C4FEC910014E8DB /* HomePageVC.swift in Sources */,
				778D3DA82C4FED370014E8DB /* SparklineIn7D.swift in Sources */,
				778D3DAA2C500B940014E8DB /* CryptoCell.swift in Sources */,
				778D3DBD2C5022DA0014E8DB /* HomePageViewModel.swift in Sources */,
				778D3DA62C4FECD80014E8DB /* CurrencyElement.swift in Sources */,
				77D357CF2C51370D0053188A /* DetailVC.swift in Sources */,
				778D3DAC2C5011DD0014E8DB /* CryptoDaoRepository.swift in Sources */,
				778D3D922C4FEC910014E8DB /* AppDelegate.swift in Sources */,
				778D3D942C4FEC910014E8DB /* SceneDelegate.swift in Sources */,
			);
			runOnlyForDeploymentPostprocessing = 0;
		};
/* End PBXSourcesBuildPhase section */

/* Begin PBXVariantGroup section */
		778D3D972C4FEC910014E8DB /* Main.storyboard */ = {
			isa = PBXVariantGroup;
			children = (
				778D3D982C4FEC910014E8DB /* Base */,
			);
			name = Main.storyboard;
			sourceTree = "<group>";
		};
		778D3D9C2C4FEC920014E8DB /* LaunchScreen.storyboard */ = {
			isa = PBXVariantGroup;
			children = (
				778D3D9D2C4FEC920014E8DB /* Base */,
			);
			name = LaunchScreen.storyboard;
			sourceTree = "<group>";
		};
/* End PBXVariantGroup section */

/* Begin XCBuildConfiguration section */
		778D3DA02C4FEC920014E8DB /* Debug */ = {
			isa = XCBuildConfiguration;
			buildSettings = {
				ALWAYS_SEARCH_USER_PATHS = NO;
				ASSETCATALOG_COMPILER_GENERATE_SWIFT_ASSET_SYMBOL_EXTENSIONS = YES;
				CLANG_ANALYZER_NONNULL = YES;
				CLANG_ANALYZER_NUMBER_OBJECT_CONVERSION = YES_AGGRESSIVE;
				CLANG_CXX_LANGUAGE_STANDARD = "gnu++20";
				CLANG_ENABLE_MODULES = YES;
				CLANG_ENABLE_OBJC_ARC = YES;
				CLANG_ENABLE_OBJC_WEAK = YES;
				CLANG_WARN_BLOCK_CAPTURE_AUTORELEASING = YES;
				CLANG_WARN_BOOL_CONVERSION = YES;
				CLANG_WARN_COMMA = YES;
				CLANG_WARN_CONSTANT_CONVERSION = YES;
				CLANG_WARN_DEPRECATED_OBJC_IMPLEMENTATIONS = YES;
				CLANG_WARN_DIRECT_OBJC_ISA_USAGE = YES_ERROR;
				CLANG_WARN_DOCUMENTATION_COMMENTS = YES;
				CLANG_WARN_EMPTY_BODY = YES;
				CLANG_WARN_ENUM_CONVERSION = YES;
				CLANG_WARN_INFINITE_RECURSION = YES;
				CLANG_WARN_INT_CONVERSION = YES;
				CLANG_WARN_NON_LITERAL_NULL_CONVERSION = YES;
				CLANG_WARN_OBJC_IMPLICIT_RETAIN_SELF = YES;
				CLANG_WARN_OBJC_LITERAL_CONVERSION = YES;
				CLANG_WARN_OBJC_ROOT_CLASS = YES_ERROR;
				CLANG_WARN_QUOTED_INCLUDE_IN_FRAMEWORK_HEADER = YES;
				CLANG_WARN_RANGE_LOOP_ANALYSIS = YES;
				CLANG_WARN_STRICT_PROTOTYPES = YES;
				CLANG_WARN_SUSPICIOUS_MOVE = YES;
				CLANG_WARN_UNGUARDED_AVAILABILITY = YES_AGGRESSIVE;
				CLANG_WARN_UNREACHABLE_CODE = YES;
				CLANG_WARN__DUPLICATE_METHOD_MATCH = YES;
				COPY_PHASE_STRIP = NO;
				DEBUG_INFORMATION_FORMAT = dwarf;
				ENABLE_STRICT_OBJC_MSGSEND = YES;
				ENABLE_TESTABILITY = YES;
				ENABLE_USER_SCRIPT_SANDBOXING = YES;
				GCC_C_LANGUAGE_STANDARD = gnu17;
				GCC_DYNAMIC_NO_PIC = NO;
				GCC_NO_COMMON_BLOCKS = YES;
				GCC_OPTIMIZATION_LEVEL = 0;
				GCC_PREPROCESSOR_DEFINITIONS = (
					"DEBUG=1",
					"$(inherited)",
				);
				GCC_WARN_64_TO_32_BIT_CONVERSION = YES;
				GCC_WARN_ABOUT_RETURN_TYPE = YES_ERROR;
				GCC_WARN_UNDECLARED_SELECTOR = YES;
				GCC_WARN_UNINITIALIZED_AUTOS = YES_AGGRESSIVE;
				GCC_WARN_UNUSED_FUNCTION = YES;
				GCC_WARN_UNUSED_VARIABLE = YES;
				IPHONEOS_DEPLOYMENT_TARGET = 17.5;
				LOCALIZATION_PREFERS_STRING_CATALOGS = YES;
				MTL_ENABLE_DEBUG_INFO = INCLUDE_SOURCE;
				MTL_FAST_MATH = YES;
				ONLY_ACTIVE_ARCH = YES;
				SDKROOT = iphoneos;
				SWIFT_ACTIVE_COMPILATION_CONDITIONS = "DEBUG $(inherited)";
				SWIFT_OPTIMIZATION_LEVEL = "-Onone";
			};
			name = Debug;
		};
		778D3DA12C4FEC920014E8DB /* Release */ = {
			isa = XCBuildConfiguration;
			buildSettings = {
				ALWAYS_SEARCH_USER_PATHS = NO;
				ASSETCATALOG_COMPILER_GENERATE_SWIFT_ASSET_SYMBOL_EXTENSIONS = YES;
				CLANG_ANALYZER_NONNULL = YES;
				CLANG_ANALYZER_NUMBER_OBJECT_CONVERSION = YES_AGGRESSIVE;
				CLANG_CXX_LANGUAGE_STANDARD = "gnu++20";
				CLANG_ENABLE_MODULES = YES;
				CLANG_ENABLE_OBJC_ARC = YES;
				CLANG_ENABLE_OBJC_WEAK = YES;
				CLANG_WARN_BLOCK_CAPTURE_AUTORELEASING = YES;
				CLANG_WARN_BOOL_CONVERSION = YES;
				CLANG_WARN_COMMA = YES;
				CLANG_WARN_CONSTANT_CONVERSION = YES;
				CLANG_WARN_DEPRECATED_OBJC_IMPLEMENTATIONS = YES;
				CLANG_WARN_DIRECT_OBJC_ISA_USAGE = YES_ERROR;
				CLANG_WARN_DOCUMENTATION_COMMENTS = YES;
				CLANG_WARN_EMPTY_BODY = YES;
				CLANG_WARN_ENUM_CONVERSION = YES;
				CLANG_WARN_INFINITE_RECURSION = YES;
				CLANG_WARN_INT_CONVERSION = YES;
				CLANG_WARN_NON_LITERAL_NULL_CONVERSION = YES;
				CLANG_WARN_OBJC_IMPLICIT_RETAIN_SELF = YES;
				CLANG_WARN_OBJC_LITERAL_CONVERSION = YES;
				CLANG_WARN_OBJC_ROOT_CLASS = YES_ERROR;
				CLANG_WARN_QUOTED_INCLUDE_IN_FRAMEWORK_HEADER = YES;
				CLANG_WARN_RANGE_LOOP_ANALYSIS = YES;
				CLANG_WARN_STRICT_PROTOTYPES = YES;
				CLANG_WARN_SUSPICIOUS_MOVE = YES;
				CLANG_WARN_UNGUARDED_AVAILABILITY = YES_AGGRESSIVE;
				CLANG_WARN_UNREACHABLE_CODE = YES;
				CLANG_WARN__DUPLICATE_METHOD_MATCH = YES;
				COPY_PHASE_STRIP = NO;
				DEBUG_INFORMATION_FORMAT = "dwarf-with-dsym";
				ENABLE_NS_ASSERTIONS = NO;
				ENABLE_STRICT_OBJC_MSGSEND = YES;
				ENABLE_USER_SCRIPT_SANDBOXING = YES;
				GCC_C_LANGUAGE_STANDARD = gnu17;
				GCC_NO_COMMON_BLOCKS = YES;
				GCC_WARN_64_TO_32_BIT_CONVERSION = YES;
				GCC_WARN_ABOUT_RETURN_TYPE = YES_ERROR;
				GCC_WARN_UNDECLARED_SELECTOR = YES;
				GCC_WARN_UNINITIALIZED_AUTOS = YES_AGGRESSIVE;
				GCC_WARN_UNUSED_FUNCTION = YES;
				GCC_WARN_UNUSED_VARIABLE = YES;
				IPHONEOS_DEPLOYMENT_TARGET = 17.5;
				LOCALIZATION_PREFERS_STRING_CATALOGS = YES;
				MTL_ENABLE_DEBUG_INFO = NO;
				MTL_FAST_MATH = YES;
				SDKROOT = iphoneos;
				SWIFT_COMPILATION_MODE = wholemodule;
				VALIDATE_PRODUCT = YES;
			};
			name = Release;
		};
		778D3DA32C4FEC920014E8DB /* Debug */ = {
			isa = XCBuildConfiguration;
			buildSettings = {
				ASSETCATALOG_COMPILER_APPICON_NAME = AppIcon;
				ASSETCATALOG_COMPILER_GLOBAL_ACCENT_COLOR_NAME = AccentColor;
				CODE_SIGN_STYLE = Automatic;
				CURRENT_PROJECT_VERSION = 1;
				DEVELOPMENT_TEAM = 24F98Z3S44;
				GENERATE_INFOPLIST_FILE = YES;
				INFOPLIST_FILE = CryptoMobile/Info.plist;
				INFOPLIST_KEY_UIApplicationSupportsIndirectInputEvents = YES;
				INFOPLIST_KEY_UILaunchStoryboardName = LaunchScreen;
				INFOPLIST_KEY_UIMainStoryboardFile = Main;
				INFOPLIST_KEY_UISupportedInterfaceOrientations_iPad = "UIInterfaceOrientationPortrait UIInterfaceOrientationPortraitUpsideDown UIInterfaceOrientationLandscapeLeft UIInterfaceOrientationLandscapeRight";
				INFOPLIST_KEY_UISupportedInterfaceOrientations_iPhone = "UIInterfaceOrientationPortrait UIInterfaceOrientationLandscapeLeft UIInterfaceOrientationLandscapeRight";
				LD_RUNPATH_SEARCH_PATHS = (
					"$(inherited)",
					"@executable_path/Frameworks",
				);
				MARKETING_VERSION = 1.0;
				PRODUCT_BUNDLE_IDENTIFIER = com.onurcankurt.CryptoMobile;
				PRODUCT_NAME = "$(TARGET_NAME)";
				SWIFT_EMIT_LOC_STRINGS = YES;
				SWIFT_VERSION = 5.0;
				TARGETED_DEVICE_FAMILY = "1,2";
			};
			name = Debug;
		};
		778D3DA42C4FEC920014E8DB /* Release */ = {
			isa = XCBuildConfiguration;
			buildSettings = {
				ASSETCATALOG_COMPILER_APPICON_NAME = AppIcon;
				ASSETCATALOG_COMPILER_GLOBAL_ACCENT_COLOR_NAME = AccentColor;
				CODE_SIGN_STYLE = Automatic;
				CURRENT_PROJECT_VERSION = 1;
				DEVELOPMENT_TEAM = 24F98Z3S44;
				GENERATE_INFOPLIST_FILE = YES;
				INFOPLIST_FILE = CryptoMobile/Info.plist;
				INFOPLIST_KEY_UIApplicationSupportsIndirectInputEvents = YES;
				INFOPLIST_KEY_UILaunchStoryboardName = LaunchScreen;
				INFOPLIST_KEY_UIMainStoryboardFile = Main;
				INFOPLIST_KEY_UISupportedInterfaceOrientations_iPad = "UIInterfaceOrientationPortrait UIInterfaceOrientationPortraitUpsideDown UIInterfaceOrientationLandscapeLeft UIInterfaceOrientationLandscapeRight";
				INFOPLIST_KEY_UISupportedInterfaceOrientations_iPhone = "UIInterfaceOrientationPortrait UIInterfaceOrientationLandscapeLeft UIInterfaceOrientationLandscapeRight";
				LD_RUNPATH_SEARCH_PATHS = (
					"$(inherited)",
					"@executable_path/Frameworks",
				);
				MARKETING_VERSION = 1.0;
				PRODUCT_BUNDLE_IDENTIFIER = com.onurcankurt.CryptoMobile;
				PRODUCT_NAME = "$(TARGET_NAME)";
				SWIFT_EMIT_LOC_STRINGS = YES;
				SWIFT_VERSION = 5.0;
				TARGETED_DEVICE_FAMILY = "1,2";
			};
			name = Release;
		};
/* End XCBuildConfiguration section */

/* Begin XCConfigurationList section */
		778D3D892C4FEC910014E8DB /* Build configuration list for PBXProject "CryptoMobile" */ = {
			isa = XCConfigurationList;
			buildConfigurations = (
				778D3DA02C4FEC920014E8DB /* Debug */,
				778D3DA12C4FEC920014E8DB /* Release */,
			);
			defaultConfigurationIsVisible = 0;
			defaultConfigurationName = Release;
		};
		778D3DA22C4FEC920014E8DB /* Build configuration list for PBXNativeTarget "CryptoMobile" */ = {
			isa = XCConfigurationList;
			buildConfigurations = (
				778D3DA32C4FEC920014E8DB /* Debug */,
				778D3DA42C4FEC920014E8DB /* Release */,
			);
			defaultConfigurationIsVisible = 0;
			defaultConfigurationName = Release;
		};
/* End XCConfigurationList section */

/* Begin XCRemoteSwiftPackageReference section */
		778D3DAD2C5012130014E8DB /* XCRemoteSwiftPackageReference "RxSwift" */ = {
			isa = XCRemoteSwiftPackageReference;
			repositoryURL = "https://github.com/ReactiveX/RxSwift";
			requirement = {
				kind = upToNextMajorVersion;
				minimumVersion = 6.7.1;
			};
		};
		778D3DB02C5012830014E8DB /* XCRemoteSwiftPackageReference "Alamofire" */ = {
			isa = XCRemoteSwiftPackageReference;
			repositoryURL = "https://github.com/Alamofire/Alamofire";
			requirement = {
				kind = upToNextMajorVersion;
				minimumVersion = 5.9.1;
			};
		};
		778D3DBE2C5025ED0014E8DB /* XCRemoteSwiftPackageReference "Kingfisher" */ = {
			isa = XCRemoteSwiftPackageReference;
			repositoryURL = "https://github.com/onevcat/Kingfisher";
			requirement = {
				kind = upToNextMajorVersion;
				minimumVersion = 7.12.0;
			};
		};
		77D357D02C5137750053188A /* XCRemoteSwiftPackageReference "Charts" */ = {
			isa = XCRemoteSwiftPackageReference;
			repositoryURL = "https://github.com/danielgindi/Charts";
			requirement = {
				kind = upToNextMajorVersion;
				minimumVersion = 5.1.0;
			};
		};
/* End XCRemoteSwiftPackageReference section */

/* Begin XCSwiftPackageProductDependency section */
		778D3DAE2C5012130014E8DB /* RxSwift */ = {
			isa = XCSwiftPackageProductDependency;
			package = 778D3DAD2C5012130014E8DB /* XCRemoteSwiftPackageReference "RxSwift" */;
			productName = RxSwift;
		};
		778D3DB12C5012830014E8DB /* Alamofire */ = {
			isa = XCSwiftPackageProductDependency;
			package = 778D3DB02C5012830014E8DB /* XCRemoteSwiftPackageReference "Alamofire" */;
			productName = Alamofire;
		};
		778D3DBF2C5025ED0014E8DB /* Kingfisher */ = {
			isa = XCSwiftPackageProductDependency;
			package = 778D3DBE2C5025ED0014E8DB /* XCRemoteSwiftPackageReference "Kingfisher" */;
			productName = Kingfisher;
		};
		77D357D12C5137750053188A /* DGCharts */ = {
			isa = XCSwiftPackageProductDependency;
			package = 77D357D02C5137750053188A /* XCRemoteSwiftPackageReference "Charts" */;
			productName = DGCharts;
		};
/* End XCSwiftPackageProductDependency section */
	};
	rootObject = 778D3D862C4FEC910014E8DB /* Project object */;
}
